
Microsoft Visual Studio Solution File, Format Version 12.00
# Visual Studio Version 17
VisualStudioVersion = 17.11.35222.181
MinimumVisualStudioVersion = 10.0.40219.1
Project("{FAE04EC0-301F-11D3-BF4B-00C04F79EFBC}") = "UP_OSAGO_Luzin", "UP_OSAGO_Luzin\UP_OSAGO_Luzin.csproj", "{5DDE2FE0-A516-4299-9905-2148DAF0C954}"
EndProject
Global
	GlobalSection(SolutionConfigurationPlatforms) = preSolution
		Debug|Any CPU = Debug|Any CPU
		Release|Any CPU = Release|Any CPU
	EndGlobalSection
	GlobalSection(ProjectConfigurationPlatforms) = postSolution
		{5DDE2FE0-A516-4299-9905-2148DAF0C954}.Debug|Any CPU.ActiveCfg = Debug|Any CPU
		{5DDE2FE0-A516-4299-9905-2148DAF0C954}.Debug|Any CPU.Build.0 = Debug|Any CPU
		{5DDE2FE0-A516-4299-9905-2148DAF0C954}.Release|Any CPU.ActiveCfg = Release|Any CPU
		{5DDE2FE0-A516-4299-9905-2148DAF0C954}.Release|Any CPU.Build.0 = Release|Any CPU
	EndGlobalSection
	GlobalSection(SolutionProperties) = preSolution
		HideSolutionNode = FALSE
	EndGlobalSection
	GlobalSection(ExtensibilityGlobals) = postSolution
		SolutionGuid = {DABD555A-C745-4059-8A4B-B411BC6EF15E}
	EndGlobalSection
EndGlobal
